Microsoft Visual Studio Solution File, Format Version 12.00
# Visual Studio 2012
Project("{FAE04EC0-301F-11D3-BF4B-00C04F79EFBC}") = "Front End", "Front End.csproj", "{B94D204F-00C4-42AB-A0FA-BE29F06BF855}"
EndProject
Project("{FAE04EC0-301F-11D3-BF4B-00C04F79EFBC}") = "BLL", "BLL\BLL.csproj", "{7A51D79E-3D1E-41CB-A0E4-AB63095E8331}"
EndProject
Project("{FAE04EC0-301F-11D3-BF4B-00C04F79EFBC}") = "DAL", "DAL\DAL.csproj", "{B5CA49E9-2644-4531-84BF-5A1506BFE0CC}"
EndProject
Project("{FAE04EC0-301F-11D3-BF4B-00C04F79EFBC}") = "SAL", "SAL\SAL.csproj", "{2C6180DE-857F-4563-A759-089EEED8C4E1}"
EndProject
Project("{FAE04EC0-301F-11D3-BF4B-00C04F79EFBC}") = "DTO", "DTO\DTO.csproj", "{7FD6D634-A543-43C1-A5BF-5E5469310B4A}"
EndProject
Project("{FAE04EC0-301F-11D3-BF4B-00C04F79EFBC}") = "DAO", "DAO\DAO.csproj", "{F87064FA-5B65-4B33-A0C1-DB0441E497EF}"
EndProject
Global
	GlobalSection(SolutionConfigurationPlatforms) = preSolution
		Debug|Any CPU = Debug|Any CPU
		ExportDebug|Any CPU = ExportDebug|Any CPU
		ExportRelease|Any CPU = ExportRelease|Any CPU
	EndGlobalSection
	GlobalSection(ProjectConfigurationPlatforms) = postSolution
		{B94D204F-00C4-42AB-A0FA-BE29F06BF855}.Debug|Any CPU.ActiveCfg = Debug|Any CPU
		{B94D204F-00C4-42AB-A0FA-BE29F06BF855}.Debug|Any CPU.Build.0 = Debug|Any CPU
		{B94D204F-00C4-42AB-A0FA-BE29F06BF855}.ExportDebug|Any CPU.ActiveCfg = ExportDebug|Any CPU
		{B94D204F-00C4-42AB-A0FA-BE29F06BF855}.ExportDebug|Any CPU.Build.0 = ExportDebug|Any CPU
		{B94D204F-00C4-42AB-A0FA-BE29F06BF855}.ExportRelease|Any CPU.ActiveCfg = ExportRelease|Any CPU
		{B94D204F-00C4-42AB-A0FA-BE29F06BF855}.ExportRelease|Any CPU.Build.0 = ExportRelease|Any CPU
		{7A51D79E-3D1E-41CB-A0E4-AB63095E8331}.Debug|Any CPU.ActiveCfg = Debug|Any CPU
		{7A51D79E-3D1E-41CB-A0E4-AB63095E8331}.Debug|Any CPU.Build.0 = Debug|Any CPU
		{7A51D79E-3D1E-41CB-A0E4-AB63095E8331}.ExportDebug|Any CPU.ActiveCfg = Debug|Any CPU
		{7A51D79E-3D1E-41CB-A0E4-AB63095E8331}.ExportDebug|Any CPU.Build.0 = Debug|Any CPU
		{7A51D79E-3D1E-41CB-A0E4-AB63095E8331}.ExportRelease|Any CPU.ActiveCfg = Debug|Any CPU
		{7A51D79E-3D1E-41CB-A0E4-AB63095E8331}.ExportRelease|Any CPU.Build.0 = Debug|Any CPU
		{B5CA49E9-2644-4531-84BF-5A1506BFE0CC}.Debug|Any CPU.ActiveCfg = Debug|Any CPU
		{B5CA49E9-2644-4531-84BF-5A1506BFE0CC}.Debug|Any CPU.Build.0 = Debug|Any CPU
		{B5CA49E9-2644-4531-84BF-5A1506BFE0CC}.ExportDebug|Any CPU.ActiveCfg = Debug|Any CPU
		{B5CA49E9-2644-4531-84BF-5A1506BFE0CC}.ExportDebug|Any CPU.Build.0 = Debug|Any CPU
		{B5CA49E9-2644-4531-84BF-5A1506BFE0CC}.ExportRelease|Any CPU.ActiveCfg = Debug|Any CPU
		{B5CA49E9-2644-4531-84BF-5A1506BFE0CC}.ExportRelease|Any CPU.Build.0 = Debug|Any CPU
		{2C6180DE-857F-4563-A759-089EEED8C4E1}.Debug|Any CPU.ActiveCfg = Debug|Any CPU
		{2C6180DE-857F-4563-A759-089EEED8C4E1}.Debug|Any CPU.Build.0 = Debug|Any CPU
		{2C6180DE-857F-4563-A759-089EEED8C4E1}.ExportDebug|Any CPU.ActiveCfg = Debug|Any CPU
		{2C6180DE-857F-4563-A759-089EEED8C4E1}.ExportDebug|Any CPU.Build.0 = Debug|Any CPU
		{2C6180DE-857F-4563-A759-089EEED8C4E1}.ExportRelease|Any CPU.ActiveCfg = Debug|Any CPU
		{2C6180DE-857F-4563-A759-089EEED8C4E1}.ExportRelease|Any CPU.Build.0 = Debug|Any CPU
		{7FD6D634-A543-43C1-A5BF-5E5469310B4A}.Debug|Any CPU.ActiveCfg = Debug|Any CPU
		{7FD6D634-A543-43C1-A5BF-5E5469310B4A}.Debug|Any CPU.Build.0 = Debug|Any CPU
		{7FD6D634-A543-43C1-A5BF-5E5469310B4A}.ExportDebug|Any CPU.ActiveCfg = Debug|Any CPU
		{7FD6D634-A543-43C1-A5BF-5E5469310B4A}.ExportDebug|Any CPU.Build.0 = Debug|Any CPU
		{7FD6D634-A543-43C1-A5BF-5E5469310B4A}.ExportRelease|Any CPU.ActiveCfg = Debug|Any CPU
		{7FD6D634-A543-43C1-A5BF-5E5469310B4A}.ExportRelease|Any CPU.Build.0 = Debug|Any CPU
		{F87064FA-5B65-4B33-A0C1-DB0441E497EF}.Debug|Any CPU.ActiveCfg = Debug|Any CPU
		{F87064FA-5B65-4B33-A0C1-DB0441E497EF}.Debug|Any CPU.Build.0 = Debug|Any CPU
		{F87064FA-5B65-4B33-A0C1-DB0441E497EF}.ExportDebug|Any CPU.ActiveCfg = Debug|Any CPU
		{F87064FA-5B65-4B33-A0C1-DB0441E497EF}.ExportDebug|Any CPU.Build.0 = Debug|Any CPU
		{F87064FA-5B65-4B33-A0C1-DB0441E497EF}.ExportRelease|Any CPU.ActiveCfg = Debug|Any CPU
		{F87064FA-5B65-4B33-A0C1-DB0441E497EF}.ExportRelease|Any CPU.Build.0 = Debug|Any CPU
	EndGlobalSection
EndGlobal
