
Microsoft Visual Studio Solution File, Format Version 12.00
# Visual Studio Version 16
VisualStudioVersion = 16.0.30413.136
MinimumVisualStudioVersion = 15.0.26124.0
Project("{9A19103F-16F7-4668-BE54-9A1E7A4F7556}") = "BibliotecaViva", "BibliotecaViva\BibliotecaViva.csproj", "{238D6BF6-1B25-42B8-BD29-631BA9830881}"
EndProject
Project("{9A19103F-16F7-4668-BE54-9A1E7A4F7556}") = "BibliotecaViva.DAL", "BibliotecaViva\DAL\BibliotecaViva.DAL.csproj", "{70730335-9255-449B-B432-952B43E2C4D4}"
EndProject
Project("{9A19103F-16F7-4668-BE54-9A1E7A4F7556}") = "BibliotecaViva.BLL", "BibliotecaViva\BLL\BibliotecaViva.BLL.csproj", "{C062C3F2-E534-4F93-8051-95E27431003D}"
EndProject
Project("{9A19103F-16F7-4668-BE54-9A1E7A4F7556}") = "BibliotecaViva.DTO", "BibliotecaViva\DTO\BibliotecaViva.DTO.csproj", "{F7998399-6397-4978-98BE-2BDF36094BB4}"
EndProject
Project("{9A19103F-16F7-4668-BE54-9A1E7A4F7556}") = "System.Data.SQLite.NetStandard", "BibliotecaViva\System.Data.SQLite.NetStandard\System.Data.SQLite.NetStandard.csproj", "{D6B3FC81-370E-4D3D-9542-F3B36286BF77}"
EndProject
Global
	GlobalSection(SolutionConfigurationPlatforms) = preSolution
		Debug|Any CPU = Debug|Any CPU
		Debug|x64 = Debug|x64
		Debug|x86 = Debug|x86
		Release|Any CPU = Release|Any CPU
		Release|x64 = Release|x64
		Release|x86 = Release|x86
	EndGlobalSection
	GlobalSection(ProjectConfigurationPlatforms) = postSolution
		{238D6BF6-1B25-42B8-BD29-631BA9830881}.Debug|Any CPU.ActiveCfg = Debug|Any CPU
		{238D6BF6-1B25-42B8-BD29-631BA9830881}.Debug|Any CPU.Build.0 = Debug|Any CPU
		{238D6BF6-1B25-42B8-BD29-631BA9830881}.Debug|x64.ActiveCfg = Debug|Any CPU
		{238D6BF6-1B25-42B8-BD29-631BA9830881}.Debug|x64.Build.0 = Debug|Any CPU
		{238D6BF6-1B25-42B8-BD29-631BA9830881}.Debug|x86.ActiveCfg = Debug|Any CPU
		{238D6BF6-1B25-42B8-BD29-631BA9830881}.Debug|x86.Build.0 = Debug|Any CPU
		{238D6BF6-1B25-42B8-BD29-631BA9830881}.Release|Any CPU.ActiveCfg = Release|Any CPU
		{238D6BF6-1B25-42B8-BD29-631BA9830881}.Release|Any CPU.Build.0 = Release|Any CPU
		{238D6BF6-1B25-42B8-BD29-631BA9830881}.Release|x64.ActiveCfg = Release|Any CPU
		{238D6BF6-1B25-42B8-BD29-631BA9830881}.Release|x64.Build.0 = Release|Any CPU
		{238D6BF6-1B25-42B8-BD29-631BA9830881}.Release|x86.ActiveCfg = Release|Any CPU
		{238D6BF6-1B25-42B8-BD29-631BA9830881}.Release|x86.Build.0 = Release|Any CPU
		{70730335-9255-449B-B432-952B43E2C4D4}.Debug|Any CPU.ActiveCfg = Debug|Any CPU
		{70730335-9255-449B-B432-952B43E2C4D4}.Debug|Any CPU.Build.0 = Debug|Any CPU
		{70730335-9255-449B-B432-952B43E2C4D4}.Debug|x64.ActiveCfg = Debug|Any CPU
		{70730335-9255-449B-B432-952B43E2C4D4}.Debug|x64.Build.0 = Debug|Any CPU
		{70730335-9255-449B-B432-952B43E2C4D4}.Debug|x86.ActiveCfg = Debug|Any CPU
		{70730335-9255-449B-B432-952B43E2C4D4}.Debug|x86.Build.0 = Debug|Any CPU
		{70730335-9255-449B-B432-952B43E2C4D4}.Release|Any CPU.ActiveCfg = Release|Any CPU
		{70730335-9255-449B-B432-952B43E2C4D4}.Release|Any CPU.Build.0 = Release|Any CPU
		{70730335-9255-449B-B432-952B43E2C4D4}.Release|x64.ActiveCfg = Release|Any CPU
		{70730335-9255-449B-B432-952B43E2C4D4}.Release|x64.Build.0 = Release|Any CPU
		{70730335-9255-449B-B432-952B43E2C4D4}.Release|x86.ActiveCfg = Release|Any CPU
		{70730335-9255-449B-B432-952B43E2C4D4}.Release|x86.Build.0 = Release|Any CPU
		{C062C3F2-E534-4F93-8051-95E27431003D}.Debug|Any CPU.ActiveCfg = Debug|Any CPU
		{C062C3F2-E534-4F93-8051-95E27431003D}.Debug|Any CPU.Build.0 = Debug|Any CPU
		{C062C3F2-E534-4F93-8051-95E27431003D}.Debug|x64.ActiveCfg = Debug|Any CPU
		{C062C3F2-E534-4F93-8051-95E27431003D}.Debug|x64.Build.0 = Debug|Any CPU
		{C062C3F2-E534-4F93-8051-95E27431003D}.Debug|x86.ActiveCfg = Debug|Any CPU
		{C062C3F2-E534-4F93-8051-95E27431003D}.Debug|x86.Build.0 = Debug|Any CPU
		{C062C3F2-E534-4F93-8051-95E27431003D}.Release|Any CPU.ActiveCfg = Release|Any CPU
		{C062C3F2-E534-4F93-8051-95E27431003D}.Release|Any CPU.Build.0 = Release|Any CPU
		{C062C3F2-E534-4F93-8051-95E27431003D}.Release|x64.ActiveCfg = Release|Any CPU
		{C062C3F2-E534-4F93-8051-95E27431003D}.Release|x64.Build.0 = Release|Any CPU
		{C062C3F2-E534-4F93-8051-95E27431003D}.Release|x86.ActiveCfg = Release|Any CPU
		{C062C3F2-E534-4F93-8051-95E27431003D}.Release|x86.Build.0 = Release|Any CPU
		{F7998399-6397-4978-98BE-2BDF36094BB4}.Debug|Any CPU.ActiveCfg = Debug|Any CPU
		{F7998399-6397-4978-98BE-2BDF36094BB4}.Debug|Any CPU.Build.0 = Debug|Any CPU
		{F7998399-6397-4978-98BE-2BDF36094BB4}.Debug|x64.ActiveCfg = Debug|Any CPU
		{F7998399-6397-4978-98BE-2BDF36094BB4}.Debug|x64.Build.0 = Debug|Any CPU
		{F7998399-6397-4978-98BE-2BDF36094BB4}.Debug|x86.ActiveCfg = Debug|Any CPU
		{F7998399-6397-4978-98BE-2BDF36094BB4}.Debug|x86.Build.0 = Debug|Any CPU
		{F7998399-6397-4978-98BE-2BDF36094BB4}.Release|Any CPU.ActiveCfg = Release|Any CPU
		{F7998399-6397-4978-98BE-2BDF36094BB4}.Release|Any CPU.Build.0 = Release|Any CPU
		{F7998399-6397-4978-98BE-2BDF36094BB4}.Release|x64.ActiveCfg = Release|Any CPU
		{F7998399-6397-4978-98BE-2BDF36094BB4}.Release|x64.Build.0 = Release|Any CPU
		{F7998399-6397-4978-98BE-2BDF36094BB4}.Release|x86.ActiveCfg = Release|Any CPU
		{F7998399-6397-4978-98BE-2BDF36094BB4}.Release|x86.Build.0 = Release|Any CPU
		{D6B3FC81-370E-4D3D-9542-F3B36286BF77}.Debug|Any CPU.ActiveCfg = Debug|Any CPU
		{D6B3FC81-370E-4D3D-9542-F3B36286BF77}.Debug|Any CPU.Build.0 = Debug|Any CPU
		{D6B3FC81-370E-4D3D-9542-F3B36286BF77}.Debug|x64.ActiveCfg = Debug|Any CPU
		{D6B3FC81-370E-4D3D-9542-F3B36286BF77}.Debug|x64.Build.0 = Debug|Any CPU
		{D6B3FC81-370E-4D3D-9542-F3B36286BF77}.Debug|x86.ActiveCfg = Debug|Any CPU
		{D6B3FC81-370E-4D3D-9542-F3B36286BF77}.Debug|x86.Build.0 = Debug|Any CPU
		{D6B3FC81-370E-4D3D-9542-F3B36286BF77}.Release|Any CPU.ActiveCfg = Release|Any CPU
		{D6B3FC81-370E-4D3D-9542-F3B36286BF77}.Release|Any CPU.Build.0 = Release|Any CPU
		{D6B3FC81-370E-4D3D-9542-F3B36286BF77}.Release|x64.ActiveCfg = Release|Any CPU
		{D6B3FC81-370E-4D3D-9542-F3B36286BF77}.Release|x64.Build.0 = Release|Any CPU
		{D6B3FC81-370E-4D3D-9542-F3B36286BF77}.Release|x86.ActiveCfg = Release|Any CPU
		{D6B3FC81-370E-4D3D-9542-F3B36286BF77}.Release|x86.Build.0 = Release|Any CPU
	EndGlobalSection
	GlobalSection(SolutionProperties) = preSolution
		HideSolutionNode = FALSE
	EndGlobalSection
	GlobalSection(ExtensibilityGlobals) = postSolution
		SolutionGuid = {14141516-0FDB-4DAC-B355-4D6C2A152C13}
	EndGlobalSection
EndGlobal
